// !$*UTF8*$!
{
	archiveVersion = 1;
	classes = {
	};
	objectVersion = 50;
	objects = {

/* Begin PBXBuildFile section */
		FA0DFA9E22C2B1CC00173BC9 /* ReadingClub.jpg in Resources */ = {isa = PBXBuildFile; fileRef = FA0DFA9D22C2B1CB00173BC9 /* ReadingClub.jpg */; };
		FA5B5EC1226E677000ABA1E0 /* Logo.png in Resources */ = {isa = PBXBuildFile; fileRef = FA5B5EBF226E677000ABA1E0 /* Logo.png */; };
		FA5B5EC2226E677000ABA1E0 /* background.png in Resources */ = {isa = PBXBuildFile; fileRef = FA5B5EC0226E677000ABA1E0 /* background.png */; };
		FA5B5EC4226E96AE00ABA1E0 /* Patron.swift in Sources */ = {isa = PBXBuildFile; fileRef = FA5B5EC3226E96AD00ABA1E0 /* Patron.swift */; };
		FA613A9E225BEBD2003C5A5A /* AppDelegate.swift in Sources */ = {isa = PBXBuildFile; fileRef = FA613A9D225BEBD2003C5A5A /* AppDelegate.swift */; };
		FA613AA0225BEBD2003C5A5A /* ViewController.swift in Sources */ = {isa = PBXBuildFile; fileRef = FA613A9F225BEBD2003C5A5A /* ViewController.swift */; };
		FA613AA3225BEBD2003C5A5A /* Main.storyboard in Resources */ = {isa = PBXBuildFile; fileRef = FA613AA1225BEBD2003C5A5A /* Main.storyboard */; };
		FA613AA6225BEBD2003C5A5A /* Summer_Reading_Club_App.xcdatamodeld in Sources */ = {isa = PBXBuildFile; fileRef = FA613AA4225BEBD2003C5A5A /* Summer_Reading_Club_App.xcdatamodeld */; };
		FA613AA8225BEBD3003C5A5A /* Assets.xcassets in Resources */ = {isa = PBXBuildFile; fileRef = FA613AA7225BEBD3003C5A5A /* Assets.xcassets */; };
		FA613AAB225BEBD3003C5A5A /* LaunchScreen.storyboard in Resources */ = {isa = PBXBuildFile; fileRef = FA613AA9225BEBD3003C5A5A /* LaunchScreen.storyboard */; };
		FA783B32228736BB00D7A311 /* AdminViewController.swift in Sources */ = {isa = PBXBuildFile; fileRef = FA783B31228736BB00D7A311 /* AdminViewController.swift */; };
		FA783B34228746FD00D7A311 /* AdminLoginController.swift in Sources */ = {isa = PBXBuildFile; fileRef = FA783B33228746FD00D7A311 /* AdminLoginController.swift */; };
		FA783B38228A1ECA00D7A311 /* entryTableViewController.swift in Sources */ = {isa = PBXBuildFile; fileRef = FA783B37228A1ECA00D7A311 /* entryTableViewController.swift */; };
/* End PBXBuildFile section */

/* Begin PBXFileReference section */
		FA0DFA9D22C2B1CB00173BC9 /* ReadingClub.jpg */ = {isa = PBXFileReference; lastKnownFileType = image.jpeg; path = ReadingClub.jpg; sourceTree = "<group>"; };
		FA5B5EBF226E677000ABA1E0 /* Logo.png */ = {isa = PBXFileReference; lastKnownFileType = image.png; path = Logo.png; sourceTree = "<group>"; };
		FA5B5EC0226E677000ABA1E0 /* background.png */ = {isa = PBXFileReference; lastKnownFileType = image.png; path = background.png; sourceTree = "<group>"; };
		FA5B5EC3226E96AD00ABA1E0 /* Patron.swift */ = {isa = PBXFileReference; fileEncoding = 4; lastKnownFileType = sourcecode.swift; path = Patron.swift; sourceTree = "<group>"; };
		FA613A9A225BEBD2003C5A5A /* Summer Reading Club App.app */ = {isa = PBXFileReference; explicitFileType = wrapper.application; includeInIndex = 0; path = "Summer Reading Club App.app"; sourceTree = BUILT_PRODUCTS_DIR; };
		FA613A9D225BEBD2003C5A5A /* AppDelegate.swift */ = {isa = PBXFileReference; lastKnownFileType = sourcecode.swift; path = AppDelegate.swift; sourceTree = "<group>"; };
		FA613A9F225BEBD2003C5A5A /* ViewController.swift */ = {isa = PBXFileReference; lastKnownFileType = sourcecode.swift; path = ViewController.swift; sourceTree = "<group>"; };
		FA613AA2225BEBD2003C5A5A /* Base */ = {isa = PBXFileReference; lastKnownFileType = file.storyboard; name = Base; path = Base.lproj/Main.storyboard; sourceTree = "<group>"; };
		FA613AA5225BEBD2003C5A5A /* Summer_Reading_Club_App.xcdatamodel */ = {isa = PBXFileReference; lastKnownFileType = wrapper.xcdatamodel; path = Summer_Reading_Club_App.xcdatamodel; sourceTree = "<group>"; };
		FA613AA7225BEBD3003C5A5A /* Assets.xcassets */ = {isa = PBXFileReference; lastKnownFileType = folder.assetcatalog; path = Assets.xcassets; sourceTree = "<group>"; };
		FA613AAA225BEBD3003C5A5A /* Base */ = {isa = PBXFileReference; lastKnownFileType = file.storyboard; name = Base; path = Base.lproj/LaunchScreen.storyboard; sourceTree = "<group>"; };
		FA613AAC225BEBD3003C5A5A /* Info.plist */ = {isa = PBXFileReference; lastKnownFileType = text.plist.xml; path = Info.plist; sourceTree = "<group>"; };
		FA783B31228736BB00D7A311 /* AdminViewController.swift */ = {isa = PBXFileReference; lastKnownFileType = sourcecode.swift; path = AdminViewController.swift; sourceTree = "<group>"; };
		FA783B33228746FD00D7A311 /* AdminLoginController.swift */ = {isa = PBXFileReference; lastKnownFileType = sourcecode.swift; path = AdminLoginController.swift; sourceTree = "<group>"; };
		FA783B37228A1ECA00D7A311 /* entryTableViewController.swift */ = {isa = PBXFileReference; lastKnownFileType = sourcecode.swift; path = entryTableViewController.swift; sourceTree = "<group>"; };
/* End PBXFileReference section */

/* Begin PBXFrameworksBuildPhase section */
		FA613A97225BEBD2003C5A5A /* Frameworks */ = {
			isa = PBXFrameworksBuildPhase;
			buildActionMask = 2147483647;
			files = (
			);
			runOnlyForDeploymentPostprocessing = 0;
		};
/* End PBXFrameworksBuildPhase section */

/* Begin PBXGroup section */
		FA613A91225BEBD2003C5A5A = {
			isa = PBXGroup;
			children = (
				FA613A9C225BEBD2003C5A5A /* Summer Reading Club App */,
				FA613A9B225BEBD2003C5A5A /* Products */,
			);
			sourceTree = "<group>";
		};
		FA613A9B225BEBD2003C5A5A /* Products */ = {
			isa = PBXGroup;
			children = (
				FA613A9A225BEBD2003C5A5A /* Summer Reading Club App.app */,
			);
			name = Products;
			sourceTree = "<group>";
		};
		FA613A9C225BEBD2003C5A5A /* Summer Reading Club App */ = {
			isa = PBXGroup;
			children = (
				FA5B5EC0226E677000ABA1E0 /* background.png */,
				FA5B5EBF226E677000ABA1E0 /* Logo.png */,
				FA613A9D225BEBD2003C5A5A /* AppDelegate.swift */,
				FA5B5EC3226E96AD00ABA1E0 /* Patron.swift */,
				FA613A9F225BEBD2003C5A5A /* ViewController.swift */,
				FA783B37228A1ECA00D7A311 /* entryTableViewController.swift */,
				FA613AA1225BEBD2003C5A5A /* Main.storyboard */,
				FA783B31228736BB00D7A311 /* AdminViewController.swift */,
				FA783B33228746FD00D7A311 /* AdminLoginController.swift */,
				FA613AA7225BEBD3003C5A5A /* Assets.xcassets */,
				FA613AA9225BEBD3003C5A5A /* LaunchScreen.storyboard */,
				FA0DFA9D22C2B1CB00173BC9 /* ReadingClub.jpg */,
				FA613AAC225BEBD3003C5A5A /* Info.plist */,
				FA613AA4225BEBD2003C5A5A /* Summer_Reading_Club_App.xcdatamodeld */,
			);
			path = "Summer Reading Club App";
			sourceTree = "<group>";
		};
/* End PBXGroup section */

/* Begin PBXNativeTarget section */
		FA613A99225BEBD2003C5A5A /* Summer Reading Club App */ = {
			isa = PBXNativeTarget;
			buildConfigurationList = FA613AAF225BEBD3003C5A5A /* Build configuration list for PBXNativeTarget "Summer Reading Club App" */;
			buildPhases = (
				FA613A96225BEBD2003C5A5A /* Sources */,
				FA613A97225BEBD2003C5A5A /* Frameworks */,
				FA613A98225BEBD2003C5A5A /* Resources */,
			);
			buildRules = (
			);
			dependencies = (
			);
			name = "Summer Reading Club App";
			productName = "Summer Reading Club App";
			productReference = FA613A9A225BEBD2003C5A5A /* Summer Reading Club App.app */;
			productType = "com.apple.product-type.application";
		};
/* End PBXNativeTarget section */

/* Begin PBXProject section */
		FA613A92225BEBD2003C5A5A /* Project object */ = {
			isa = PBXProject;
			attributes = {
				LastSwiftUpdateCheck = 1020;
				LastUpgradeCheck = 1020;
				ORGANIZATIONNAME = "Sachem Public Library";
				TargetAttributes = {
					FA613A99225BEBD2003C5A5A = {
						CreatedOnToolsVersion = 10.2;
					};
				};
			};
			buildConfigurationList = FA613A95225BEBD2003C5A5A /* Build configuration list for PBXProject "Summer Reading Club App" */;
			compatibilityVersion = "Xcode 9.3";
			developmentRegion = en;
			hasScannedForEncodings = 0;
			knownRegions = (
				en,
				Base,
			);
			mainGroup = FA613A91225BEBD2003C5A5A;
			productRefGroup = FA613A9B225BEBD2003C5A5A /* Products */;
			projectDirPath = "";
			projectRoot = "";
			targets = (
				FA613A99225BEBD2003C5A5A /* Summer Reading Club App */,
			);
		};
/* End PBXProject section */

/* Begin PBXResourcesBuildPhase section */
		FA613A98225BEBD2003C5A5A /* Resources */ = {
			isa = PBXResourcesBuildPhase;
			buildActionMask = 2147483647;
			files = (
				FA5B5EC1226E677000ABA1E0 /* Logo.png in Resources */,
				FA5B5EC2226E677000ABA1E0 /* background.png in Resources */,
				FA613AAB225BEBD3003C5A5A /* LaunchScreen.storyboard in Resources */,
				FA613AA8225BEBD3003C5A5A /* Assets.xcassets in Resources */,
				FA0DFA9E22C2B1CC00173BC9 /* ReadingClub.jpg in Resources */,
				FA613AA3225BEBD2003C5A5A /* Main.storyboard in Resources */,
			);
			runOnlyForDeploymentPostprocessing = 0;
		};
/* End PBXResourcesBuildPhase section */

/* Begin PBXSourcesBuildPhase section */
		FA613A96225BEBD2003C5A5A /* Sources */ = {
			isa = PBXSourcesBuildPhase;
			buildActionMask = 2147483647;
			files = (
				FA613AA0225BEBD2003C5A5A /* ViewController.swift in Sources */,
				FA783B34228746FD00D7A311 /* AdminLoginController.swift in Sources */,
				FA5B5EC4226E96AE00ABA1E0 /* Patron.swift in Sources */,
				FA613AA6225BEBD2003C5A5A /* Summer_Reading_Club_App.xcdatamodeld in Sources */,
				FA783B38228A1ECA00D7A311 /* entryTableViewController.swift in Sources */,
				FA783B32228736BB00D7A311 /* AdminViewController.swift in Sources */,
				FA613A9E225BEBD2003C5A5A /* AppDelegate.swift in Sources */,
			);
			runOnlyForDeploymentPostprocessing = 0;
		};
/* End PBXSourcesBuildPhase section */

/* Begin PBXVariantGroup section */
		FA613AA1225BEBD2003C5A5A /* Main.storyboard */ = {
			isa = PBXVariantGroup;
			children = (
				FA613AA2225BEBD2003C5A5A /* Base */,
			);
			name = Main.storyboard;
			sourceTree = "<group>";
		};
		FA613AA9225BEBD3003C5A5A /* LaunchScreen.storyboard */ = {
			isa = PBXVariantGroup;
			children = (
				FA613AAA225BEBD3003C5A5A /* Base */,
			);
			name = LaunchScreen.storyboard;
			sourceTree = "<group>";
		};
/* End PBXVariantGroup section */

/* Begin XCBuildConfiguration section */
		FA613AAD225BEBD3003C5A5A /* Debug */ = {
			isa = XCBuildConfiguration;
			buildSettings = {
				ALWAYS_SEARCH_USER_PATHS = NO;
				CLANG_ANALYZER_NONNULL = YES;
				CLANG_ANALYZER_NUMBER_OBJECT_CONVERSION = YES_AGGRESSIVE;
				CLANG_CXX_LANGUAGE_STANDARD = "gnu++14";
				CLANG_CXX_LIBRARY = "libc++";
				CLANG_ENABLE_MODULES = YES;
				CLANG_ENABLE_OBJC_ARC = YES;
				CLANG_ENABLE_OBJC_WEAK = YES;
				CLANG_WARN_BLOCK_CAPTURE_AUTORELEASING = YES;
				CLANG_WARN_BOOL_CONVERSION = YES;
				CLANG_WARN_COMMA = YES;
				CLANG_WARN_CONSTANT_CONVERSION = YES;
				CLANG_WARN_DEPRECATED_OBJC_IMPLEMENTATIONS = YES;
				CLANG_WARN_DIRECT_OBJC_ISA_USAGE = YES_ERROR;
				CLANG_WARN_DOCUMENTATION_COMMENTS = YES;
				CLANG_WARN_EMPTY_BODY = YES;
				CLANG_WARN_ENUM_CONVERSION = YES;
				CLANG_WARN_INFINITE_RECURSION = YES;
				CLANG_WARN_INT_CONVERSION = YES;
				CLANG_WARN_NON_LITERAL_NULL_CONVERSION = YES;
				CLANG_WARN_OBJC_IMPLICIT_RETAIN_SELF = YES;
				CLANG_WARN_OBJC_LITERAL_CONVERSION = YES;
				CLANG_WARN_OBJC_ROOT_CLASS = YES_ERROR;
				CLANG_WARN_RANGE_LOOP_ANALYSIS = YES;
				CLANG_WARN_STRICT_PROTOTYPES = YES;
				CLANG_WARN_SUSPICIOUS_MOVE = YES;
				CLANG_WARN_UNGUARDED_AVAILABILITY = YES_AGGRESSIVE;
				CLANG_WARN_UNREACHABLE_CODE = YES;
				CLANG_WARN__DUPLICATE_METHOD_MATCH = YES;
				CODE_SIGN_IDENTITY = "iPhone Developer";
				COPY_PHASE_STRIP = NO;
				DEBUG_INFORMATION_FORMAT = dwarf;
				ENABLE_STRICT_OBJC_MSGSEND = YES;
				ENABLE_TESTABILITY = YES;
				GCC_C_LANGUAGE_STANDARD = gnu11;
				GCC_DYNAMIC_NO_PIC = NO;
				GCC_NO_COMMON_BLOCKS = YES;
				GCC_OPTIMIZATION_LEVEL = 0;
				GCC_PREPROCESSOR_DEFINITIONS = (
					"DEBUG=1",
					"$(inherited)",
				);
				GCC_WARN_64_TO_32_BIT_CONVERSION = YES;
				GCC_WARN_ABOUT_RETURN_TYPE = YES_ERROR;
				GCC_WARN_UNDECLARED_SELECTOR = YES;
				GCC_WARN_UNINITIALIZED_AUTOS = YES_AGGRESSIVE;
				GCC_WARN_UNUSED_FUNCTION = YES;
				GCC_WARN_UNUSED_VARIABLE = YES;
				IPHONEOS_DEPLOYMENT_TARGET = 12.2;
				MTL_ENABLE_DEBUG_INFO = INCLUDE_SOURCE;
				MTL_FAST_MATH = YES;
				ONLY_ACTIVE_ARCH = YES;
				SDKROOT = iphoneos;
				SWIFT_ACTIVE_COMPILATION_CONDITIONS = DEBUG;
				SWIFT_OPTIMIZATION_LEVEL = "-Onone";
			};
			name = Debug;
		};
		FA613AAE225BEBD3003C5A5A /* Release */ = {
			isa = XCBuildConfiguration;
			buildSettings = {
				ALWAYS_SEARCH_USER_PATHS = NO;
				CLANG_ANALYZER_NONNULL = YES;
				CLANG_ANALYZER_NUMBER_OBJECT_CONVERSION = YES_AGGRESSIVE;
				CLANG_CXX_LANGUAGE_STANDARD = "gnu++14";
				CLANG_CXX_LIBRARY = "libc++";
				CLANG_ENABLE_MODULES = YES;
				CLANG_ENABLE_OBJC_ARC = YES;
				CLANG_ENABLE_OBJC_WEAK = YES;
				CLANG_WARN_BLOCK_CAPTURE_AUTORELEASING = YES;
				CLANG_WARN_BOOL_CONVERSION = YES;
				CLANG_WARN_COMMA = YES;
				CLANG_WARN_CONSTANT_CONVERSION = YES;
				CLANG_WARN_DEPRECATED_OBJC_IMPLEMENTATIONS = YES;
				CLANG_WARN_DIRECT_OBJC_ISA_USAGE = YES_ERROR;
				CLANG_WARN_DOCUMENTATION_COMMENTS = YES;
				CLANG_WARN_EMPTY_BODY = YES;
				CLANG_WARN_ENUM_CONVERSION = YES;
				CLANG_WARN_INFINITE_RECURSION = YES;
				CLANG_WARN_INT_CONVERSION = YES;
				CLANG_WARN_NON_LITERAL_NULL_CONVERSION = YES;
				CLANG_WARN_OBJC_IMPLICIT_RETAIN_SELF = YES;
				CLANG_WARN_OBJC_LITERAL_CONVERSION = YES;
				CLANG_WARN_OBJC_ROOT_CLASS = YES_ERROR;
				CLANG_WARN_RANGE_LOOP_ANALYSIS = YES;
				CLANG_WARN_STRICT_PROTOTYPES = YES;
				CLANG_WARN_SUSPICIOUS_MOVE = YES;
				CLANG_WARN_UNGUARDED_AVAILABILITY = YES_AGGRESSIVE;
				CLANG_WARN_UNREACHABLE_CODE = YES;
				CLANG_WARN__DUPLICATE_METHOD_MATCH = YES;
				CODE_SIGN_IDENTITY = "iPhone Developer";
				COPY_PHASE_STRIP = NO;
				DEBUG_INFORMATION_FORMAT = "dwarf-with-dsym";
				ENABLE_NS_ASSERTIONS = NO;
				ENABLE_STRICT_OBJC_MSGSEND = YES;
				GCC_C_LANGUAGE_STANDARD = gnu11;
				GCC_NO_COMMON_BLOCKS = YES;
				GCC_WARN_64_TO_32_BIT_CONVERSION = YES;
				GCC_WARN_ABOUT_RETURN_TYPE = YES_ERROR;
				GCC_WARN_UNDECLARED_SELECTOR = YES;
				GCC_WARN_UNINITIALIZED_AUTOS = YES_AGGRESSIVE;
				GCC_WARN_UNUSED_FUNCTION = YES;
				GCC_WARN_UNUSED_VARIABLE = YES;
				IPHONEOS_DEPLOYMENT_TARGET = 12.2;
				MTL_ENABLE_DEBUG_INFO = NO;
				MTL_FAST_MATH = YES;
				SDKROOT = iphoneos;
				SWIFT_COMPILATION_MODE = wholemodule;
				SWIFT_OPTIMIZATION_LEVEL = "-O";
				VALIDATE_PRODUCT = YES;
			};
			name = Release;
		};
		FA613AB0225BEBD3003C5A5A /* Debug */ = {
			isa = XCBuildConfiguration;
			buildSettings = {
				ASSETCATALOG_COMPILER_APPICON_NAME = AppIcon;
				CODE_SIGN_STYLE = Automatic;
				DEVELOPMENT_TEAM = 8EN7LTZUEQ;
				INFOPLIST_FILE = "Summer Reading Club App/Info.plist";
				LD_RUNPATH_SEARCH_PATHS = (
					"$(inherited)",
					"@executable_path/Frameworks",
				);
				PRODUCT_BUNDLE_IDENTIFIER = "SPL.Summer-Reading-Club-App";
				PRODUCT_NAME = "$(TARGET_NAME)";
				SWIFT_VERSION = 5.0;
				TARGETED_DEVICE_FAMILY = 2;
			};
			name = Debug;
		};
		FA613AB1225BEBD3003C5A5A /* Release */ = {
			isa = XCBuildConfiguration;
			buildSettings = {
				ASSETCATALOG_COMPILER_APPICON_NAME = AppIcon;
				CODE_SIGN_STYLE = Automatic;
				DEVELOPMENT_TEAM = 8EN7LTZUEQ;
				INFOPLIST_FILE = "Summer Reading Club App/Info.plist";
				LD_RUNPATH_SEARCH_PATHS = (
					"$(inherited)",
					"@executable_path/Frameworks",
				);
				PRODUCT_BUNDLE_IDENTIFIER = "SPL.Summer-Reading-Club-App";
				PRODUCT_NAME = "$(TARGET_NAME)";
				SWIFT_VERSION = 5.0;
				TARGETED_DEVICE_FAMILY = 2;
			};
			name = Release;
		};
/* End XCBuildConfiguration section */

/* Begin XCConfigurationList section */
		FA613A95225BEBD2003C5A5A /* Build configuration list for PBXProject "Summer Reading Club App" */ = {
			isa = XCConfigurationList;
			buildConfigurations = (
				FA613AAD225BEBD3003C5A5A /* Debug */,
				FA613AAE225BEBD3003C5A5A /* Release */,
			);
			defaultConfigurationIsVisible = 0;
			defaultConfigurationName = Release;
		};
		FA613AAF225BEBD3003C5A5A /* Build configuration list for PBXNativeTarget "Summer Reading Club App" */ = {
			isa = XCConfigurationList;
			buildConfigurations = (
				FA613AB0225BEBD3003C5A5A /* Debug */,
				FA613AB1225BEBD3003C5A5A /* Release */,
			);
			defaultConfigurationIsVisible = 0;
			defaultConfigurationName = Release;
		};
/* End XCConfigurationList section */

/* Begin XCVersionGroup section */
		FA613AA4225BEBD2003C5A5A /* Summer_Reading_Club_App.xcdatamodeld */ = {
			isa = XCVersionGroup;
			children = (
				FA613AA5225BEBD2003C5A5A /* Summer_Reading_Club_App.xcdatamodel */,
			);
			currentVersion = FA613AA5225BEBD2003C5A5A /* Summer_Reading_Club_App.xcdatamodel */;
			path = Summer_Reading_Club_App.xcdatamodeld;
			sourceTree = "<group>";
			versionGroupType = wrapper.xcdatamodel;
		};
/* End XCVersionGroup section */
	};
	rootObject = FA613A92225BEBD2003C5A5A /* Project object */;
}
